
Microsoft Visual Studio Solution File, Format Version 12.00
# Visual Studio Version 17
VisualStudioVersion = 17.4.33205.214
MinimumVisualStudioVersion = 10.0.40219.1
Project("{FAE04EC0-301F-11D3-BF4B-00C04F79EFBC}") = "CantinaBariri143", "CantinaBariri143.csproj", "{56BB94CC-44AA-4F05-93AC-439076948D7A}"
EndProject
Global
	GlobalSection(SolutionConfigurationPlatforms) = preSolution
		Debug|Any CPU = Debug|Any CPU
		Release|Any CPU = Release|Any CPU
	EndGlobalSection
	GlobalSection(ProjectConfigurationPlatforms) = postSolution
		{56BB94CC-44AA-4F05-93AC-439076948D7A}.Debug|Any CPU.ActiveCfg = Debug|Any CPU
		{56BB94CC-44AA-4F05-93AC-439076948D7A}.Debug|Any CPU.Build.0 = Debug|Any CPU
		{56BB94CC-44AA-4F05-93AC-439076948D7A}.Release|Any CPU.ActiveCfg = Release|Any CPU
		{56BB94CC-44AA-4F05-93AC-439076948D7A}.Release|Any CPU.Build.0 = Release|Any CPU
	EndGlobalSection
	GlobalSection(SolutionProperties) = preSolution
		HideSolutionNode = FALSE
	EndGlobalSection
	GlobalSection(ExtensibilityGlobals) = postSolution
		SolutionGuid = {5CFF1554-0931-477E-A409-A104FC8C7FC4}
	EndGlobalSection
EndGlobal
